
Microsoft Visual Studio Solution File, Format Version 12.00
# Visual Studio 14
VisualStudioVersion = 14.0.25420.1
MinimumVisualStudioVersion = 10.0.40219.1
Project("{FAE04EC0-301F-11D3-BF4B-00C04F79EFBC}") = "AkkaPodcasts", "AkkaPodcasts\AkkaPodcasts.csproj", "{1DF4E949-5279-42E5-9E04-CB0C467E806F}"
EndProject
Project("{FAE04EC0-301F-11D3-BF4B-00C04F79EFBC}") = "AkkaPodcasts.Core", "AkkaPodcasts.Core\AkkaPodcasts.Core.csproj", "{46219E1D-1560-4A3B-9B7E-5F4A1F824745}"
EndProject
Project("{2150E333-8FDC-42A3-9474-1A3956D46DE8}") = "Solution Items", "Solution Items", "{96473055-7603-4578-8B1F-728BC4E2EC23}"
	ProjectSection(SolutionItems) = preProject
		README.md = README.md
	EndProjectSection
EndProject
Project("{FAE04EC0-301F-11D3-BF4B-00C04F79EFBC}") = "AkkaPodcasts.Tests", "AkkaPodcasts.Tests\AkkaPodcasts.Tests.csproj", "{A0B741B7-5D15-4887-9B92-53F03A5FA464}"
EndProject
Global
	GlobalSection(SolutionConfigurationPlatforms) = preSolution
		Debug|Any CPU = Debug|Any CPU
		Release|Any CPU = Release|Any CPU
	EndGlobalSection
	GlobalSection(ProjectConfigurationPlatforms) = postSolution
		{1DF4E949-5279-42E5-9E04-CB0C467E806F}.Debug|Any CPU.ActiveCfg = Debug|Any CPU
		{1DF4E949-5279-42E5-9E04-CB0C467E806F}.Debug|Any CPU.Build.0 = Debug|Any CPU
		{1DF4E949-5279-42E5-9E04-CB0C467E806F}.Release|Any CPU.ActiveCfg = Release|Any CPU
		{1DF4E949-5279-42E5-9E04-CB0C467E806F}.Release|Any CPU.Build.0 = Release|Any CPU
		{46219E1D-1560-4A3B-9B7E-5F4A1F824745}.Debug|Any CPU.ActiveCfg = Debug|Any CPU
		{46219E1D-1560-4A3B-9B7E-5F4A1F824745}.Debug|Any CPU.Build.0 = Debug|Any CPU
		{46219E1D-1560-4A3B-9B7E-5F4A1F824745}.Release|Any CPU.ActiveCfg = Release|Any CPU
		{46219E1D-1560-4A3B-9B7E-5F4A1F824745}.Release|Any CPU.Build.0 = Release|Any CPU
		{A0B741B7-5D15-4887-9B92-53F03A5FA464}.Debug|Any CPU.ActiveCfg = Debug|Any CPU
		{A0B741B7-5D15-4887-9B92-53F03A5FA464}.Debug|Any CPU.Build.0 = Debug|Any CPU
		{A0B741B7-5D15-4887-9B92-53F03A5FA464}.Release|Any CPU.ActiveCfg = Release|Any CPU
		{A0B741B7-5D15-4887-9B92-53F03A5FA464}.Release|Any CPU.Build.0 = Release|Any CPU
	EndGlobalSection
	GlobalSection(SolutionProperties) = preSolution
		HideSolutionNode = FALSE
	EndGlobalSection
EndGlobal
